
Microsoft Visual Studio Solution File, Format Version 12.00
# Visual Studio Version 16
VisualStudioVersion = 16.0.30611.23
MinimumVisualStudioVersion = 10.0.40219.1
Project("{888888A0-9F3D-457C-B088-3A5042F75D52}") = "mobishop", "mobishop.pyproj", "{20F1A8D1-5178-4F70-BD05-E8A0CF2933D1}"
EndProject
Global
	GlobalSection(SolutionConfigurationPlatforms) = preSolution
		Debug|Any CPU = Debug|Any CPU
		Release|Any CPU = Release|Any CPU
	EndGlobalSection
	GlobalSection(ProjectConfigurationPlatforms) = postSolution
		{20F1A8D1-5178-4F70-BD05-E8A0CF2933D1}.Debug|Any CPU.ActiveCfg = Debug|Any CPU
		{20F1A8D1-5178-4F70-BD05-E8A0CF2933D1}.Debug|Any CPU.Build.0 = Debug|Any CPU
		{20F1A8D1-5178-4F70-BD05-E8A0CF2933D1}.Release|Any CPU.ActiveCfg = Release|Any CPU
		{20F1A8D1-5178-4F70-BD05-E8A0CF2933D1}.Release|Any CPU.Build.0 = Release|Any CPU
	EndGlobalSection
	GlobalSection(SolutionProperties) = preSolution
		HideSolutionNode = FALSE
	EndGlobalSection
	GlobalSection(ExtensibilityGlobals) = postSolution
		SolutionGuid = {E9B347B4-D43C-407A-9AF8-BCCEA5D9F141}
	EndGlobalSection
EndGlobal
